
Microsoft Visual Studio Solution File, Format Version 12.00
# Visual Studio Version 17
VisualStudioVersion = 17.14.36327.8 d17.14
MinimumVisualStudioVersion = 10.0.40219.1
Project("{FAE04EC0-301F-11D3-BF4B-00C04F79EFBC}") = "MangaReader", "MangaReader\MangaReader.csproj", "{F9811FAB-FBFD-4743-BAD3-E89690942619}"
EndProject
Global
	GlobalSection(SolutionConfigurationPlatforms) = preSolution
		Debug|Any CPU = Debug|Any CPU
		Release|Any CPU = Release|Any CPU
	EndGlobalSection
	GlobalSection(ProjectConfigurationPlatforms) = postSolution
		{F9811FAB-FBFD-4743-BAD3-E89690942619}.Debug|Any CPU.ActiveCfg = Debug|Any CPU
		{F9811FAB-FBFD-4743-BAD3-E89690942619}.Debug|Any CPU.Build.0 = Debug|Any CPU
		{F9811FAB-FBFD-4743-BAD3-E89690942619}.Release|Any CPU.ActiveCfg = Release|Any CPU
		{F9811FAB-FBFD-4743-BAD3-E89690942619}.Release|Any CPU.Build.0 = Release|Any CPU
	EndGlobalSection
	GlobalSection(SolutionProperties) = preSolution
		HideSolutionNode = FALSE
	EndGlobalSection
	GlobalSection(ExtensibilityGlobals) = postSolution
		SolutionGuid = {59986C71-8000-410B-94ED-143E959B65A9}
	EndGlobalSection
EndGlobal
