Microsoft Visual Studio Solution File, Format Version 12.00
# Visual Studio Version 17
VisualStudioVersion = 17.5.2.0
MinimumVisualStudioVersion = 10.0.40219.1
Project("{FAE04EC0-301F-11D3-BF4B-00C04F79EFBC}") = "WEBTRUYEN", "WEBTRUYEN.csproj", "{640F59C0-74CC-0D54-0A7C-4FA1728D29B5}"
EndProject
Global
	GlobalSection(SolutionConfigurationPlatforms) = preSolution
		Debug|Any CPU = Debug|Any CPU
		Release|Any CPU = Release|Any CPU
	EndGlobalSection
	GlobalSection(ProjectConfigurationPlatforms) = postSolution
		{640F59C0-74CC-0D54-0A7C-4FA1728D29B5}.Debug|Any CPU.ActiveCfg = Debug|Any CPU
		{640F59C0-74CC-0D54-0A7C-4FA1728D29B5}.Debug|Any CPU.Build.0 = Debug|Any CPU
		{640F59C0-74CC-0D54-0A7C-4FA1728D29B5}.Release|Any CPU.ActiveCfg = Release|Any CPU
		{640F59C0-74CC-0D54-0A7C-4FA1728D29B5}.Release|Any CPU.Build.0 = Release|Any CPU
	EndGlobalSection
	GlobalSection(SolutionProperties) = preSolution
		HideSolutionNode = FALSE
	EndGlobalSection
	GlobalSection(ExtensibilityGlobals) = postSolution
		SolutionGuid = {512C1188-92D1-4F5A-B58A-22F98580498B}
	EndGlobalSection
EndGlobal
